// !$*UTF8*$!
{
	archiveVersion = 1;
	classes = {
	};
	objectVersion = 52;
	objects = {

/* Begin PBXBuildFile section */
		760719B925BB52F000F09A1A /* DashboardView.swift in Sources */ = {isa = PBXBuildFile; fileRef = 760719B825BB52F000F09A1A /* DashboardView.swift */; };
		760719C325BB530600F09A1A /* AddNewStringView.swift in Sources */ = {isa = PBXBuildFile; fileRef = 760719C225BB530600F09A1A /* AddNewStringView.swift */; };
		76183EE2260ED38D00189619 /* ResetPasswordVM.swift in Sources */ = {isa = PBXBuildFile; fileRef = 76183EE1260ED38D00189619 /* ResetPasswordVM.swift */; };
		7619A62925CA421800014ADA /* PlayerProfileView.swift in Sources */ = {isa = PBXBuildFile; fileRef = 7619A62825CA421700014ADA /* PlayerProfileView.swift */; };
		7619A64025CA699200014ADA /* SearchPlayerVM.swift in Sources */ = {isa = PBXBuildFile; fileRef = 7619A63F25CA699200014ADA /* SearchPlayerVM.swift */; };
		76278C1F25B9E8060005EBD4 /* NewUserView.swift in Sources */ = {isa = PBXBuildFile; fileRef = 76278C1E25B9E8060005EBD4 /* NewUserView.swift */; };
		762F87CF25C9C0EC004B46FD /* MatchesListView.swift in Sources */ = {isa = PBXBuildFile; fileRef = 762F87CE25C9C0EC004B46FD /* MatchesListView.swift */; };
		762F87DA25CA34FE004B46FD /* ProfileImagePickerView.swift in Sources */ = {isa = PBXBuildFile; fileRef = 762F87D925CA34FE004B46FD /* ProfileImagePickerView.swift */; };
		76343B8625C2B2140061ABB5 /* StringsListView.swift in Sources */ = {isa = PBXBuildFile; fileRef = 76343B8525C2B2140061ABB5 /* StringsListView.swift */; };
		764A60C925B90E5600789373 /* TennisApp.swift in Sources */ = {isa = PBXBuildFile; fileRef = 764A60C825B90E5600789373 /* TennisApp.swift */; };
		764A60CD25B90E5600789373 /* Assets.xcassets in Resources */ = {isa = PBXBuildFile; fileRef = 764A60CC25B90E5600789373 /* Assets.xcassets */; };
		764A60D025B90E5600789373 /* Preview Assets.xcassets in Resources */ = {isa = PBXBuildFile; fileRef = 764A60CF25B90E5600789373 /* Preview Assets.xcassets */; };
		764A60DB25B90E5600789373 /* TennisTests.swift in Sources */ = {isa = PBXBuildFile; fileRef = 764A60DA25B90E5600789373 /* TennisTests.swift */; };
		764A60E625B90E5600789373 /* TennisUITests.swift in Sources */ = {isa = PBXBuildFile; fileRef = 764A60E525B90E5600789373 /* TennisUITests.swift */; };
		764A611B25B91C7300789373 /* LoginVM.swift in Sources */ = {isa = PBXBuildFile; fileRef = 764A611A25B91C7300789373 /* LoginVM.swift */; };
		764A612825B91C8E00789373 /* LoginView.swift in Sources */ = {isa = PBXBuildFile; fileRef = 764A612725B91C8E00789373 /* LoginView.swift */; };
		764A613D25B9204B00789373 /* Constants.swift in Sources */ = {isa = PBXBuildFile; fileRef = 764A613C25B9204B00789373 /* Constants.swift */; };
		764A617625B9475000789373 /* RegisterView.swift in Sources */ = {isa = PBXBuildFile; fileRef = 764A617525B9475000789373 /* RegisterView.swift */; };
		764A617E25B9479700789373 /* ResetPasswordView.swift in Sources */ = {isa = PBXBuildFile; fileRef = 764A617D25B9479700789373 /* ResetPasswordView.swift */; };
		764A618325B9493F00789373 /* RegisterVM.swift in Sources */ = {isa = PBXBuildFile; fileRef = 764A618225B9493F00789373 /* RegisterVM.swift */; };
		764B745E25D2552E0035B02C /* CurrentMatchStatistics.swift in Sources */ = {isa = PBXBuildFile; fileRef = 764B745D25D2552E0035B02C /* CurrentMatchStatistics.swift */; };
		7662D3F525C391A1004544BF /* NewMatchView.swift in Sources */ = {isa = PBXBuildFile; fileRef = 7662D3F425C391A1004544BF /* NewMatchView.swift */; };
		7662D40225C39DBE004544BF /* BasicMatchScoringView.swift in Sources */ = {isa = PBXBuildFile; fileRef = 7662D40125C39DBE004544BF /* BasicMatchScoringView.swift */; };
		768F059A25CDA03800E29BA7 /* FriendRequestView.swift in Sources */ = {isa = PBXBuildFile; fileRef = 768F059925CDA03800E29BA7 /* FriendRequestView.swift */; };
		76AADB9E25C64F3800EB0C43 /* StringsVM.swift in Sources */ = {isa = PBXBuildFile; fileRef = 76AADB9D25C64F3800EB0C43 /* StringsVM.swift */; };
		76AADBA625C64F6A00EB0C43 /* PlayerSearchView.swift in Sources */ = {isa = PBXBuildFile; fileRef = 76AADBA525C64F6A00EB0C43 /* PlayerSearchView.swift */; };
		76AADBB425C6514800EB0C43 /* PlayersVM.swift in Sources */ = {isa = PBXBuildFile; fileRef = 76AADBB325C6514800EB0C43 /* PlayersVM.swift */; };
		76B8153025CD3AF10029EE83 /* TextFieldWithPickerView.swift in Sources */ = {isa = PBXBuildFile; fileRef = 76B8152F25CD3AF10029EE83 /* TextFieldWithPickerView.swift */; };
		76D1B86025BAEE4700FE1B4B /* LoadingScreenView.swift in Sources */ = {isa = PBXBuildFile; fileRef = 76D1B85F25BAEE4700FE1B4B /* LoadingScreenView.swift */; };
		76D731A025CA7BB7001D2D64 /* ProfileView.swift in Sources */ = {isa = PBXBuildFile; fileRef = 76D7319F25CA7BB7001D2D64 /* ProfileView.swift */; };
		76DB132925CEDAD9003EDA38 /* Models.swift in Sources */ = {isa = PBXBuildFile; fileRef = 76DB132825CEDAD9003EDA38 /* Models.swift */; };
		76DBB01425C29C8E00F238D9 /* AddStringVM.swift in Sources */ = {isa = PBXBuildFile; fileRef = 76DBB01325C29C8E00F238D9 /* AddStringVM.swift */; };
		76F5424825CDC81F00557BF9 /* FriendsListView.swift in Sources */ = {isa = PBXBuildFile; fileRef = 76F5424725CDC81F00557BF9 /* FriendsListView.swift */; };
		76FA5EEC25C7E457005DACE9 /* AdvancedMatchScoringView.swift in Sources */ = {isa = PBXBuildFile; fileRef = 76FA5EEB25C7E457005DACE9 /* AdvancedMatchScoringView.swift */; };
		76FA5EF125C7E495005DACE9 /* ExpertMatchScoringView.swift in Sources */ = {isa = PBXBuildFile; fileRef = 76FA5EF025C7E495005DACE9 /* ExpertMatchScoringView.swift */; };
		76FA5EF625C7E6E9005DACE9 /* ScoringViewTemplates.swift in Sources */ = {isa = PBXBuildFile; fileRef = 76FA5EF525C7E6E9005DACE9 /* ScoringViewTemplates.swift */; };
		9F73852925CE4DA800CF79D1 /* FirebaseAuth in Frameworks */ = {isa = PBXBuildFile; productRef = 9F73852825CE4DA800CF79D1 /* FirebaseAuth */; };
		9F73852B25CE4DA800CF79D1 /* FirebaseFirestore in Frameworks */ = {isa = PBXBuildFile; productRef = 9F73852A25CE4DA800CF79D1 /* FirebaseFirestore */; };
		9F73852D25CE4DA800CF79D1 /* FirebaseStorage in Frameworks */ = {isa = PBXBuildFile; productRef = 9F73852C25CE4DA800CF79D1 /* FirebaseStorage */; };
		9FA0978625CFAF320039A73E /* Extensions.swift in Sources */ = {isa = PBXBuildFile; fileRef = 9FA0978525CFAF320039A73E /* Extensions.swift */; };
		9FFCF2E425CF2C7E00C6C94E /* FriendsVM.swift in Sources */ = {isa = PBXBuildFile; fileRef = 9FFCF2E325CF2C7E00C6C94E /* FriendsVM.swift */; };
		B512C3DF27A7116A00231CD9 /* TTProgressHUD in Frameworks */ = {isa = PBXBuildFile; productRef = B512C3DE27A7116A00231CD9 /* TTProgressHUD */; };
		B513A39B26A038BD00145D2D /* MatchVM.swift in Sources */ = {isa = PBXBuildFile; fileRef = B513A39A26A038BD00145D2D /* MatchVM.swift */; };
		B513A39D26A0390600145D2D /* ClubsView.swift in Sources */ = {isa = PBXBuildFile; fileRef = B513A39C26A0390600145D2D /* ClubsView.swift */; };
		B52F300227A92D4000237915 /* HalfModalView.swift in Sources */ = {isa = PBXBuildFile; fileRef = B52F300127A92D4000237915 /* HalfModalView.swift */; };
		B54D40682791342D00F36EE1 /* RDTextField.swift in Sources */ = {isa = PBXBuildFile; fileRef = B54D40672791342D00F36EE1 /* RDTextField.swift */; };
		B54D406A27913F8A00F36EE1 /* RDButton.swift in Sources */ = {isa = PBXBuildFile; fileRef = B54D406927913F8A00F36EE1 /* RDButton.swift */; };
		B564F72F2799F13D00052CA3 /* RDHeaderTitle.swift in Sources */ = {isa = PBXBuildFile; fileRef = B564F72E2799F13D00052CA3 /* RDHeaderTitle.swift */; };
		B564F7312799F73A00052CA3 /* RDBadgeButton.swift in Sources */ = {isa = PBXBuildFile; fileRef = B564F7302799F73A00052CA3 /* RDBadgeButton.swift */; };
		B567575327A8EFE200381DD5 /* StringRowView.swift in Sources */ = {isa = PBXBuildFile; fileRef = B567575227A8EFE200381DD5 /* StringRowView.swift */; };
		B595E718269FB42900BAD8D6 /* ImagePickerView in Frameworks */ = {isa = PBXBuildFile; productRef = B595E717269FB42900BAD8D6 /* ImagePickerView */; };
		B595E71A269FE17F00BAD8D6 /* MatchVM.swift in Sources */ = {isa = PBXBuildFile; fileRef = 7662D3F925C392BB004544BF /* MatchVM.swift */; };
		B59C408927A9DBB400ACE493 /* GoogleSignIn in Frameworks */ = {isa = PBXBuildFile; productRef = B59C408827A9DBB400ACE493 /* GoogleSignIn */; };
		B59E2DE127F3CDAF00CB6B27 /* AlgoliaSearchClient in Frameworks */ = {isa = PBXBuildFile; productRef = B59E2DE027F3CDAF00CB6B27 /* AlgoliaSearchClient */; };
		B59E2DE427F3F9DC00CB6B27 /* PlayerSearchModel.swift in Sources */ = {isa = PBXBuildFile; fileRef = B59E2DE327F3F9DB00CB6B27 /* PlayerSearchModel.swift */; };
		B59E2DE727F4DF4600CB6B27 /* PlayerSearchCellView.swift in Sources */ = {isa = PBXBuildFile; fileRef = B59E2DE627F4DF4600CB6B27 /* PlayerSearchCellView.swift */; };
		B59E2DEA27F4E08900CB6B27 /* CachedAsyncImage in Frameworks */ = {isa = PBXBuildFile; productRef = B59E2DE927F4E08900CB6B27 /* CachedAsyncImage */; };
		B5A239A827F5538500D7A9FE /* RDEmptyListPlaceholder.swift in Sources */ = {isa = PBXBuildFile; fileRef = B5A239A727F5538500D7A9FE /* RDEmptyListPlaceholder.swift */; };
		B5A239AE27F6FFF000D7A9FE /* UserDataModel.swift in Sources */ = {isa = PBXBuildFile; fileRef = B5A239AD27F6FFF000D7A9FE /* UserDataModel.swift */; };
		B5A239B027F7036400D7A9FE /* BaseViewVM.swift in Sources */ = {isa = PBXBuildFile; fileRef = B5A239AF27F7036400D7A9FE /* BaseViewVM.swift */; };
		B5A239B327F768CC00D7A9FE /* FirebaseFirestoreSwift-Beta in Frameworks */ = {isa = PBXBuildFile; productRef = B5A239B227F768CC00D7A9FE /* FirebaseFirestoreSwift-Beta */; };
		B5B22A3526A6DECA002CAA61 /* ProfileSettings.swift in Sources */ = {isa = PBXBuildFile; fileRef = B5B22A3426A6DECA002CAA61 /* ProfileSettings.swift */; };
		B5D1F76527AA0C140091AC2F /* SideMenuView.swift in Sources */ = {isa = PBXBuildFile; fileRef = B5D1F76427AA0C140091AC2F /* SideMenuView.swift */; };
		B5D1F76827AA0EBC0091AC2F /* BaseView.swift in Sources */ = {isa = PBXBuildFile; fileRef = B5D1F76727AA0EBC0091AC2F /* BaseView.swift */; };
		B5D1F76C27AA1E370091AC2F /* RDHeader.swift in Sources */ = {isa = PBXBuildFile; fileRef = B5D1F76B27AA1E370091AC2F /* RDHeader.swift */; };
		B5D1F76E27AA342A0091AC2F /* RDMenuButton.swift in Sources */ = {isa = PBXBuildFile; fileRef = B5D1F76D27AA342A0091AC2F /* RDMenuButton.swift */; };
		B5D1F77427AA3F770091AC2F /* SDWebImageSwiftUI in Frameworks */ = {isa = PBXBuildFile; productRef = B5D1F77327AA3F770091AC2F /* SDWebImageSwiftUI */; };
		B5EFB4ED27E9D745004180E6 /* GoogleService-Info.plist in Resources */ = {isa = PBXBuildFile; fileRef = B5EFB4E527E9D550004180E6 /* GoogleService-Info.plist */; };
/* End PBXBuildFile section */

/* Begin PBXContainerItemProxy section */
		764A60D725B90E5600789373 /* PBXContainerItemProxy */ = {
			isa = PBXContainerItemProxy;
			containerPortal = 764A60BD25B90E5500789373 /* Project object */;
			proxyType = 1;
			remoteGlobalIDString = 764A60C425B90E5500789373;
			remoteInfo = Tennis;
		};
		764A60E225B90E5600789373 /* PBXContainerItemProxy */ = {
			isa = PBXContainerItemProxy;
			containerPortal = 764A60BD25B90E5500789373 /* Project object */;
			proxyType = 1;
			remoteGlobalIDString = 764A60C425B90E5500789373;
			remoteInfo = Tennis;
		};
/* End PBXContainerItemProxy section */

/* Begin PBXFileReference section */
		760719B825BB52F000F09A1A /* DashboardView.swift */ = {isa = PBXFileReference; lastKnownFileType = sourcecode.swift; path = DashboardView.swift; sourceTree = "<group>"; };
		760719C225BB530600F09A1A /* AddNewStringView.swift */ = {isa = PBXFileReference; lastKnownFileType = sourcecode.swift; path = AddNewStringView.swift; sourceTree = "<group>"; };
		76183EE1260ED38D00189619 /* ResetPasswordVM.swift */ = {isa = PBXFileReference; lastKnownFileType = sourcecode.swift; path = ResetPasswordVM.swift; sourceTree = "<group>"; };
		7619A62825CA421700014ADA /* PlayerProfileView.swift */ = {isa = PBXFileReference; lastKnownFileType = sourcecode.swift; path = PlayerProfileView.swift; sourceTree = "<group>"; };
		7619A63F25CA699200014ADA /* SearchPlayerVM.swift */ = {isa = PBXFileReference; lastKnownFileType = sourcecode.swift; path = SearchPlayerVM.swift; sourceTree = "<group>"; };
		76278C1E25B9E8060005EBD4 /* NewUserView.swift */ = {isa = PBXFileReference; lastKnownFileType = sourcecode.swift; path = NewUserView.swift; sourceTree = "<group>"; };
		762F87CE25C9C0EC004B46FD /* MatchesListView.swift */ = {isa = PBXFileReference; lastKnownFileType = sourcecode.swift; path = MatchesListView.swift; sourceTree = "<group>"; };
		762F87D925CA34FE004B46FD /* ProfileImagePickerView.swift */ = {isa = PBXFileReference; lastKnownFileType = sourcecode.swift; path = ProfileImagePickerView.swift; sourceTree = "<group>"; };
		76343B8525C2B2140061ABB5 /* StringsListView.swift */ = {isa = PBXFileReference; lastKnownFileType = sourcecode.swift; path = StringsListView.swift; sourceTree = "<group>"; };
		764A60C525B90E5500789373 /* Tennis.app */ = {isa = PBXFileReference; explicitFileType = wrapper.application; includeInIndex = 0; path = Tennis.app; sourceTree = BUILT_PRODUCTS_DIR; };
		764A60C825B90E5600789373 /* TennisApp.swift */ = {isa = PBXFileReference; lastKnownFileType = sourcecode.swift; path = TennisApp.swift; sourceTree = "<group>"; };
		764A60CC25B90E5600789373 /* Assets.xcassets */ = {isa = PBXFileReference; lastKnownFileType = folder.assetcatalog; path = Assets.xcassets; sourceTree = "<group>"; };
		764A60CF25B90E5600789373 /* Preview Assets.xcassets */ = {isa = PBXFileReference; lastKnownFileType = folder.assetcatalog; path = "Preview Assets.xcassets"; sourceTree = "<group>"; };
		764A60D125B90E5600789373 /* Info.plist */ = {isa = PBXFileReference; lastKnownFileType = text.plist.xml; path = Info.plist; sourceTree = "<group>"; };
		764A60D625B90E5600789373 /* TennisTests.xctest */ = {isa = PBXFileReference; explicitFileType = wrapper.cfbundle; includeInIndex = 0; path = TennisTests.xctest; sourceTree = BUILT_PRODUCTS_DIR; };
		764A60DA25B90E5600789373 /* TennisTests.swift */ = {isa = PBXFileReference; lastKnownFileType = sourcecode.swift; path = TennisTests.swift; sourceTree = "<group>"; };
		764A60DC25B90E5600789373 /* Info.plist */ = {isa = PBXFileReference; lastKnownFileType = text.plist.xml; path = Info.plist; sourceTree = "<group>"; };
		764A60E125B90E5600789373 /* TennisUITests.xctest */ = {isa = PBXFileReference; explicitFileType = wrapper.cfbundle; includeInIndex = 0; path = TennisUITests.xctest; sourceTree = BUILT_PRODUCTS_DIR; };
		764A60E525B90E5600789373 /* TennisUITests.swift */ = {isa = PBXFileReference; lastKnownFileType = sourcecode.swift; path = TennisUITests.swift; sourceTree = "<group>"; };
		764A60E725B90E5600789373 /* Info.plist */ = {isa = PBXFileReference; lastKnownFileType = text.plist.xml; path = Info.plist; sourceTree = "<group>"; };
		764A611A25B91C7300789373 /* LoginVM.swift */ = {isa = PBXFileReference; lastKnownFileType = sourcecode.swift; path = LoginVM.swift; sourceTree = "<group>"; };
		764A612725B91C8E00789373 /* LoginView.swift */ = {isa = PBXFileReference; lastKnownFileType = sourcecode.swift; path = LoginView.swift; sourceTree = "<group>"; };
		764A613C25B9204B00789373 /* Constants.swift */ = {isa = PBXFileReference; lastKnownFileType = sourcecode.swift; path = Constants.swift; sourceTree = "<group>"; };
		764A617525B9475000789373 /* RegisterView.swift */ = {isa = PBXFileReference; lastKnownFileType = sourcecode.swift; path = RegisterView.swift; sourceTree = "<group>"; };
		764A617D25B9479700789373 /* ResetPasswordView.swift */ = {isa = PBXFileReference; lastKnownFileType = sourcecode.swift; path = ResetPasswordView.swift; sourceTree = "<group>"; };
		764A618225B9493F00789373 /* RegisterVM.swift */ = {isa = PBXFileReference; lastKnownFileType = sourcecode.swift; path = RegisterVM.swift; sourceTree = "<group>"; };
		764B745D25D2552E0035B02C /* CurrentMatchStatistics.swift */ = {isa = PBXFileReference; lastKnownFileType = sourcecode.swift; path = CurrentMatchStatistics.swift; sourceTree = "<group>"; };
		7662D3F425C391A1004544BF /* NewMatchView.swift */ = {isa = PBXFileReference; lastKnownFileType = sourcecode.swift; path = NewMatchView.swift; sourceTree = "<group>"; };
		7662D3F925C392BB004544BF /* MatchVM.swift */ = {isa = PBXFileReference; lastKnownFileType = sourcecode.swift; path = MatchVM.swift; sourceTree = "<group>"; };
		7662D40125C39DBE004544BF /* BasicMatchScoringView.swift */ = {isa = PBXFileReference; lastKnownFileType = sourcecode.swift; path = BasicMatchScoringView.swift; sourceTree = "<group>"; };
		768F059925CDA03800E29BA7 /* FriendRequestView.swift */ = {isa = PBXFileReference; lastKnownFileType = sourcecode.swift; path = FriendRequestView.swift; sourceTree = "<group>"; };
		76AADB9D25C64F3800EB0C43 /* StringsVM.swift */ = {isa = PBXFileReference; lastKnownFileType = sourcecode.swift; path = StringsVM.swift; sourceTree = "<group>"; wrapsLines = 1; };
		76AADBA525C64F6A00EB0C43 /* PlayerSearchView.swift */ = {isa = PBXFileReference; lastKnownFileType = sourcecode.swift; path = PlayerSearchView.swift; sourceTree = "<group>"; };
		76AADBB325C6514800EB0C43 /* PlayersVM.swift */ = {isa = PBXFileReference; lastKnownFileType = sourcecode.swift; path = PlayersVM.swift; sourceTree = "<group>"; };
		76B8152F25CD3AF10029EE83 /* TextFieldWithPickerView.swift */ = {isa = PBXFileReference; lastKnownFileType = sourcecode.swift; path = TextFieldWithPickerView.swift; sourceTree = "<group>"; };
		76D1B85F25BAEE4700FE1B4B /* LoadingScreenView.swift */ = {isa = PBXFileReference; lastKnownFileType = sourcecode.swift; path = LoadingScreenView.swift; sourceTree = "<group>"; };
		76D7319F25CA7BB7001D2D64 /* ProfileView.swift */ = {isa = PBXFileReference; lastKnownFileType = sourcecode.swift; path = ProfileView.swift; sourceTree = "<group>"; };
		76DB132825CEDAD9003EDA38 /* Models.swift */ = {isa = PBXFileReference; lastKnownFileType = sourcecode.swift; path = Models.swift; sourceTree = "<group>"; };
		76DBB01325C29C8E00F238D9 /* AddStringVM.swift */ = {isa = PBXFileReference; lastKnownFileType = sourcecode.swift; path = AddStringVM.swift; sourceTree = "<group>"; };
		76F5424725CDC81F00557BF9 /* FriendsListView.swift */ = {isa = PBXFileReference; lastKnownFileType = sourcecode.swift; path = FriendsListView.swift; sourceTree = "<group>"; };
		76FA5EEB25C7E457005DACE9 /* AdvancedMatchScoringView.swift */ = {isa = PBXFileReference; lastKnownFileType = sourcecode.swift; path = AdvancedMatchScoringView.swift; sourceTree = "<group>"; };
		76FA5EF025C7E495005DACE9 /* ExpertMatchScoringView.swift */ = {isa = PBXFileReference; lastKnownFileType = sourcecode.swift; path = ExpertMatchScoringView.swift; sourceTree = "<group>"; };
		76FA5EF525C7E6E9005DACE9 /* ScoringViewTemplates.swift */ = {isa = PBXFileReference; lastKnownFileType = sourcecode.swift; path = ScoringViewTemplates.swift; sourceTree = "<group>"; };
		9FA0978525CFAF320039A73E /* Extensions.swift */ = {isa = PBXFileReference; lastKnownFileType = sourcecode.swift; path = Extensions.swift; sourceTree = "<group>"; };
		9FFCF2E325CF2C7E00C6C94E /* FriendsVM.swift */ = {isa = PBXFileReference; lastKnownFileType = sourcecode.swift; path = FriendsVM.swift; sourceTree = "<group>"; };
		B513A39A26A038BD00145D2D /* MatchVM.swift */ = {isa = PBXFileReference; lastKnownFileType = sourcecode.swift; path = MatchVM.swift; sourceTree = "<group>"; };
		B513A39C26A0390600145D2D /* ClubsView.swift */ = {isa = PBXFileReference; lastKnownFileType = sourcecode.swift; path = ClubsView.swift; sourceTree = "<group>"; };
		B52F300127A92D4000237915 /* HalfModalView.swift */ = {isa = PBXFileReference; lastKnownFileType = sourcecode.swift; path = HalfModalView.swift; sourceTree = "<group>"; };
		B54D40672791342D00F36EE1 /* RDTextField.swift */ = {isa = PBXFileReference; lastKnownFileType = sourcecode.swift; path = RDTextField.swift; sourceTree = "<group>"; };
		B54D406927913F8A00F36EE1 /* RDButton.swift */ = {isa = PBXFileReference; lastKnownFileType = sourcecode.swift; path = RDButton.swift; sourceTree = "<group>"; };
		B564F72E2799F13D00052CA3 /* RDHeaderTitle.swift */ = {isa = PBXFileReference; lastKnownFileType = sourcecode.swift; path = RDHeaderTitle.swift; sourceTree = "<group>"; };
		B564F7302799F73A00052CA3 /* RDBadgeButton.swift */ = {isa = PBXFileReference; lastKnownFileType = sourcecode.swift; path = RDBadgeButton.swift; sourceTree = "<group>"; };
		B567575227A8EFE200381DD5 /* StringRowView.swift */ = {isa = PBXFileReference; lastKnownFileType = sourcecode.swift; path = StringRowView.swift; sourceTree = "<group>"; };
		B59E2DE327F3F9DB00CB6B27 /* PlayerSearchModel.swift */ = {isa = PBXFileReference; lastKnownFileType = sourcecode.swift; path = PlayerSearchModel.swift; sourceTree = "<group>"; };
		B59E2DE627F4DF4600CB6B27 /* PlayerSearchCellView.swift */ = {isa = PBXFileReference; lastKnownFileType = sourcecode.swift; path = PlayerSearchCellView.swift; sourceTree = "<group>"; };
		B5A239A727F5538500D7A9FE /* RDEmptyListPlaceholder.swift */ = {isa = PBXFileReference; lastKnownFileType = sourcecode.swift; path = RDEmptyListPlaceholder.swift; sourceTree = "<group>"; };
		B5A239AD27F6FFF000D7A9FE /* UserDataModel.swift */ = {isa = PBXFileReference; lastKnownFileType = sourcecode.swift; path = UserDataModel.swift; sourceTree = "<group>"; };
		B5A239AF27F7036400D7A9FE /* BaseViewVM.swift */ = {isa = PBXFileReference; lastKnownFileType = sourcecode.swift; path = BaseViewVM.swift; sourceTree = "<group>"; };
		B5B22A3426A6DECA002CAA61 /* ProfileSettings.swift */ = {isa = PBXFileReference; lastKnownFileType = sourcecode.swift; path = ProfileSettings.swift; sourceTree = "<group>"; };
		B5D1F76427AA0C140091AC2F /* SideMenuView.swift */ = {isa = PBXFileReference; lastKnownFileType = sourcecode.swift; path = SideMenuView.swift; sourceTree = "<group>"; };
		B5D1F76727AA0EBC0091AC2F /* BaseView.swift */ = {isa = PBXFileReference; lastKnownFileType = sourcecode.swift; path = BaseView.swift; sourceTree = "<group>"; };
		B5D1F76B27AA1E370091AC2F /* RDHeader.swift */ = {isa = PBXFileReference; lastKnownFileType = sourcecode.swift; path = RDHeader.swift; sourceTree = "<group>"; };
		B5D1F76D27AA342A0091AC2F /* RDMenuButton.swift */ = {isa = PBXFileReference; lastKnownFileType = sourcecode.swift; path = RDMenuButton.swift; sourceTree = "<group>"; };
		B5EFB4E527E9D550004180E6 /* GoogleService-Info.plist */ = {isa = PBXFileReference; fileEncoding = 4; lastKnownFileType = text.plist.xml; path = "GoogleService-Info.plist"; sourceTree = "<group>"; };
/* End PBXFileReference section */

/* Begin PBXFrameworksBuildPhase section */
		764A60C225B90E5500789373 /* Frameworks */ = {
			isa = PBXFrameworksBuildPhase;
			buildActionMask = 2147483647;
			files = (
				B5D1F77427AA3F770091AC2F /* SDWebImageSwiftUI in Frameworks */,
				B59E2DE127F3CDAF00CB6B27 /* AlgoliaSearchClient in Frameworks */,
				9F73852925CE4DA800CF79D1 /* FirebaseAuth in Frameworks */,
				B59E2DEA27F4E08900CB6B27 /* CachedAsyncImage in Frameworks */,
				9F73852B25CE4DA800CF79D1 /* FirebaseFirestore in Frameworks */,
				B512C3DF27A7116A00231CD9 /* TTProgressHUD in Frameworks */,
				9F73852D25CE4DA800CF79D1 /* FirebaseStorage in Frameworks */,
				B5A239B327F768CC00D7A9FE /* FirebaseFirestoreSwift-Beta in Frameworks */,
				B595E718269FB42900BAD8D6 /* ImagePickerView in Frameworks */,
				B59C408927A9DBB400ACE493 /* GoogleSignIn in Frameworks */,
			);
			runOnlyForDeploymentPostprocessing = 0;
		};
		764A60D325B90E5600789373 /* Frameworks */ = {
			isa = PBXFrameworksBuildPhase;
			buildActionMask = 2147483647;
			files = (
			);
			runOnlyForDeploymentPostprocessing = 0;
		};
		764A60DE25B90E5600789373 /* Frameworks */ = {
			isa = PBXFrameworksBuildPhase;
			buildActionMask = 2147483647;
			files = (
			);
			runOnlyForDeploymentPostprocessing = 0;
		};
/* End PBXFrameworksBuildPhase section */

/* Begin PBXGroup section */
		7619A62D25CA422000014ADA /* Players */ = {
			isa = PBXGroup;
			children = (
				76AADBA525C64F6A00EB0C43 /* PlayerSearchView.swift */,
				B59E2DE627F4DF4600CB6B27 /* PlayerSearchCellView.swift */,
				7619A62825CA421700014ADA /* PlayerProfileView.swift */,
			);
			path = Players;
			sourceTree = "<group>";
		};
		762F87C725C9C0C9004B46FD /* Match */ = {
			isa = PBXGroup;
			children = (
				7662D3F425C391A1004544BF /* NewMatchView.swift */,
				7662D40125C39DBE004544BF /* BasicMatchScoringView.swift */,
				76FA5EEB25C7E457005DACE9 /* AdvancedMatchScoringView.swift */,
				76FA5EF025C7E495005DACE9 /* ExpertMatchScoringView.swift */,
				76FA5EF525C7E6E9005DACE9 /* ScoringViewTemplates.swift */,
				762F87CE25C9C0EC004B46FD /* MatchesListView.swift */,
				764B745C25D2551A0035B02C /* Statistics */,
			);
			path = Match;
			sourceTree = "<group>";
		};
		764A60BC25B90E5500789373 = {
			isa = PBXGroup;
			children = (
				764A60C725B90E5500789373 /* Tennis */,
				764A60D925B90E5600789373 /* TennisTests */,
				764A60E425B90E5600789373 /* TennisUITests */,
				764A60C625B90E5500789373 /* Products */,
				B5EFB4E527E9D550004180E6 /* GoogleService-Info.plist */,
				B5A239B127F768CC00D7A9FE /* Frameworks */,
			);
			sourceTree = "<group>";
		};
		764A60C625B90E5500789373 /* Products */ = {
			isa = PBXGroup;
			children = (
				764A60C525B90E5500789373 /* Tennis.app */,
				764A60D625B90E5600789373 /* TennisTests.xctest */,
				764A60E125B90E5600789373 /* TennisUITests.xctest */,
			);
			name = Products;
			sourceTree = "<group>";
		};
		764A60C725B90E5500789373 /* Tennis */ = {
			isa = PBXGroup;
			children = (
				764A60C825B90E5600789373 /* TennisApp.swift */,
				76DB132825CEDAD9003EDA38 /* Models.swift */,
				9FA0978525CFAF320039A73E /* Extensions.swift */,
				764A613C25B9204B00789373 /* Constants.swift */,
				B59E2DE527F3FA2800CB6B27 /* Models */,
				764A611925B91C6300789373 /* ViewModel */,
				764A60FE25B90E8900789373 /* View */,
				764A60CC25B90E5600789373 /* Assets.xcassets */,
				764A60CE25B90E5600789373 /* Preview Content */,
				764A60D125B90E5600789373 /* Info.plist */,
			);
			path = Tennis;
			sourceTree = "<group>";
		};
		764A60CE25B90E5600789373 /* Preview Content */ = {
			isa = PBXGroup;
			children = (
				764A60CF25B90E5600789373 /* Preview Assets.xcassets */,
			);
			path = "Preview Content";
			sourceTree = "<group>";
		};
		764A60D925B90E5600789373 /* TennisTests */ = {
			isa = PBXGroup;
			children = (
				7662D3F925C392BB004544BF /* MatchVM.swift */,
				764A60DA25B90E5600789373 /* TennisTests.swift */,
				764A60DC25B90E5600789373 /* Info.plist */,
			);
			path = TennisTests;
			sourceTree = "<group>";
		};
		764A60E425B90E5600789373 /* TennisUITests */ = {
			isa = PBXGroup;
			children = (
				764A60E525B90E5600789373 /* TennisUITests.swift */,
				764A60E725B90E5600789373 /* Info.plist */,
			);
			path = TennisUITests;
			sourceTree = "<group>";
		};
		764A60FE25B90E8900789373 /* View */ = {
			isa = PBXGroup;
			children = (
				B54D40662791340800F36EE1 /* RDComponents */,
				B5D1F76627AA0EA40091AC2F /* SlideMenuUpdate */,
				76AADBC325C6718E00EB0C43 /* Authentication */,
				B5297F7B27A62CE3003641E3 /* Profile */,
				76AADBBF25C6717900EB0C43 /* Dashboard */,
				76AADBBB25C6716D00EB0C43 /* Strings */,
				7619A62D25CA422000014ADA /* Players */,
				762F87C725C9C0C9004B46FD /* Match */,
				B58917DA25CF26E1001BFA0E /* Friends */,
				B513A39E26A03B4B00145D2D /* Clubs */,
				B595E719269FD23000BAD8D6 /* Utilities */,
			);
			path = View;
			sourceTree = "<group>";
		};
		764A611925B91C6300789373 /* ViewModel */ = {
			isa = PBXGroup;
			children = (
				764A618225B9493F00789373 /* RegisterVM.swift */,
				764A611A25B91C7300789373 /* LoginVM.swift */,
				76DBB01325C29C8E00F238D9 /* AddStringVM.swift */,
				76AADB9D25C64F3800EB0C43 /* StringsVM.swift */,
				76AADBB325C6514800EB0C43 /* PlayersVM.swift */,
				7619A63F25CA699200014ADA /* SearchPlayerVM.swift */,
				9FFCF2E325CF2C7E00C6C94E /* FriendsVM.swift */,
				76183EE1260ED38D00189619 /* ResetPasswordVM.swift */,
				B513A39A26A038BD00145D2D /* MatchVM.swift */,
				B5A239AF27F7036400D7A9FE /* BaseViewVM.swift */,
			);
			path = ViewModel;
			sourceTree = "<group>";
		};
		764B745C25D2551A0035B02C /* Statistics */ = {
			isa = PBXGroup;
			children = (
				764B745D25D2552E0035B02C /* CurrentMatchStatistics.swift */,
			);
			path = Statistics;
			sourceTree = "<group>";
		};
		76AADBBB25C6716D00EB0C43 /* Strings */ = {
			isa = PBXGroup;
			children = (
				76343B8525C2B2140061ABB5 /* StringsListView.swift */,
				B567575227A8EFE200381DD5 /* StringRowView.swift */,
				760719C225BB530600F09A1A /* AddNewStringView.swift */,
			);
			path = Strings;
			sourceTree = "<group>";
		};
		76AADBBF25C6717900EB0C43 /* Dashboard */ = {
			isa = PBXGroup;
			children = (
				760719B825BB52F000F09A1A /* DashboardView.swift */,
			);
			path = Dashboard;
			sourceTree = "<group>";
		};
		76AADBC325C6718E00EB0C43 /* Authentication */ = {
			isa = PBXGroup;
			children = (
				764A612725B91C8E00789373 /* LoginView.swift */,
				764A617D25B9479700789373 /* ResetPasswordView.swift */,
				764A617525B9475000789373 /* RegisterView.swift */,
				76278C1E25B9E8060005EBD4 /* NewUserView.swift */,
			);
			path = Authentication;
			sourceTree = "<group>";
		};
		B513A39E26A03B4B00145D2D /* Clubs */ = {
			isa = PBXGroup;
			children = (
				B513A39C26A0390600145D2D /* ClubsView.swift */,
			);
			path = Clubs;
			sourceTree = "<group>";
		};
		B5297F7B27A62CE3003641E3 /* Profile */ = {
			isa = PBXGroup;
			children = (
				76D7319F25CA7BB7001D2D64 /* ProfileView.swift */,
				B5B22A3426A6DECA002CAA61 /* ProfileSettings.swift */,
			);
			path = Profile;
			sourceTree = "<group>";
		};
		B54D40662791340800F36EE1 /* RDComponents */ = {
			isa = PBXGroup;
			children = (
				B54D40672791342D00F36EE1 /* RDTextField.swift */,
				B54D406927913F8A00F36EE1 /* RDButton.swift */,
				B564F72E2799F13D00052CA3 /* RDHeaderTitle.swift */,
				B564F7302799F73A00052CA3 /* RDBadgeButton.swift */,
				B5D1F76B27AA1E370091AC2F /* RDHeader.swift */,
				B5D1F76D27AA342A0091AC2F /* RDMenuButton.swift */,
				B5A239A727F5538500D7A9FE /* RDEmptyListPlaceholder.swift */,
			);
			path = RDComponents;
			sourceTree = "<group>";
		};
		B58917DA25CF26E1001BFA0E /* Friends */ = {
			isa = PBXGroup;
			children = (
				768F059925CDA03800E29BA7 /* FriendRequestView.swift */,
				76F5424725CDC81F00557BF9 /* FriendsListView.swift */,
			);
			path = Friends;
			sourceTree = "<group>";
		};
		B595E719269FD23000BAD8D6 /* Utilities */ = {
			isa = PBXGroup;
			children = (
				76D1B85F25BAEE4700FE1B4B /* LoadingScreenView.swift */,
				762F87D925CA34FE004B46FD /* ProfileImagePickerView.swift */,
				76B8152F25CD3AF10029EE83 /* TextFieldWithPickerView.swift */,
				B52F300127A92D4000237915 /* HalfModalView.swift */,
			);
			path = Utilities;
			sourceTree = "<group>";
		};
		B59E2DE527F3FA2800CB6B27 /* Models */ = {
			isa = PBXGroup;
			children = (
				B59E2DE327F3F9DB00CB6B27 /* PlayerSearchModel.swift */,
				B5A239AD27F6FFF000D7A9FE /* UserDataModel.swift */,
			);
			path = Models;
			sourceTree = "<group>";
		};
		B5A239B127F768CC00D7A9FE /* Frameworks */ = {
			isa = PBXGroup;
			children = (
			);
			name = Frameworks;
			sourceTree = "<group>";
		};
		B5D1F76627AA0EA40091AC2F /* SlideMenuUpdate */ = {
			isa = PBXGroup;
			children = (
				B5D1F76727AA0EBC0091AC2F /* BaseView.swift */,
				B5D1F76427AA0C140091AC2F /* SideMenuView.swift */,
			);
			path = SlideMenuUpdate;
			sourceTree = "<group>";
		};
/* End PBXGroup section */

/* Begin PBXNativeTarget section */
		764A60C425B90E5500789373 /* Tennis */ = {
			isa = PBXNativeTarget;
			buildConfigurationList = 764A60EA25B90E5600789373 /* Build configuration list for PBXNativeTarget "Tennis" */;
			buildPhases = (
				764A60C125B90E5500789373 /* Sources */,
				764A60C225B90E5500789373 /* Frameworks */,
				764A60C325B90E5500789373 /* Resources */,
			);
			buildRules = (
			);
			dependencies = (
			);
			name = Tennis;
			packageProductDependencies = (
				9F73852825CE4DA800CF79D1 /* FirebaseAuth */,
				9F73852A25CE4DA800CF79D1 /* FirebaseFirestore */,
				9F73852C25CE4DA800CF79D1 /* FirebaseStorage */,
				B595E717269FB42900BAD8D6 /* ImagePickerView */,
				B512C3DE27A7116A00231CD9 /* TTProgressHUD */,
				B59C408827A9DBB400ACE493 /* GoogleSignIn */,
				B5D1F77327AA3F770091AC2F /* SDWebImageSwiftUI */,
				B59E2DE027F3CDAF00CB6B27 /* AlgoliaSearchClient */,
				B59E2DE927F4E08900CB6B27 /* CachedAsyncImage */,
				B5A239B227F768CC00D7A9FE /* FirebaseFirestoreSwift-Beta */,
			);
			productName = Tennis;
			productReference = 764A60C525B90E5500789373 /* Tennis.app */;
			productType = "com.apple.product-type.application";
		};
		764A60D525B90E5600789373 /* TennisTests */ = {
			isa = PBXNativeTarget;
			buildConfigurationList = 764A60ED25B90E5600789373 /* Build configuration list for PBXNativeTarget "TennisTests" */;
			buildPhases = (
				764A60D225B90E5600789373 /* Sources */,
				764A60D325B90E5600789373 /* Frameworks */,
				764A60D425B90E5600789373 /* Resources */,
			);
			buildRules = (
			);
			dependencies = (
				764A60D825B90E5600789373 /* PBXTargetDependency */,
			);
			name = TennisTests;
			productName = TennisTests;
			productReference = 764A60D625B90E5600789373 /* TennisTests.xctest */;
			productType = "com.apple.product-type.bundle.unit-test";
		};
		764A60E025B90E5600789373 /* TennisUITests */ = {
			isa = PBXNativeTarget;
			buildConfigurationList = 764A60F025B90E5600789373 /* Build configuration list for PBXNativeTarget "TennisUITests" */;
			buildPhases = (
				764A60DD25B90E5600789373 /* Sources */,
				764A60DE25B90E5600789373 /* Frameworks */,
				764A60DF25B90E5600789373 /* Resources */,
			);
			buildRules = (
			);
			dependencies = (
				764A60E325B90E5600789373 /* PBXTargetDependency */,
			);
			name = TennisUITests;
			productName = TennisUITests;
			productReference = 764A60E125B90E5600789373 /* TennisUITests.xctest */;
			productType = "com.apple.product-type.bundle.ui-testing";
		};
/* End PBXNativeTarget section */

/* Begin PBXProject section */
		764A60BD25B90E5500789373 /* Project object */ = {
			isa = PBXProject;
			attributes = {
				LastSwiftUpdateCheck = 1230;
				LastUpgradeCheck = 1230;
				TargetAttributes = {
					764A60C425B90E5500789373 = {
						CreatedOnToolsVersion = 12.3;
					};
					764A60D525B90E5600789373 = {
						CreatedOnToolsVersion = 12.3;
						TestTargetID = 764A60C425B90E5500789373;
					};
					764A60E025B90E5600789373 = {
						CreatedOnToolsVersion = 12.3;
						TestTargetID = 764A60C425B90E5500789373;
					};
				};
			};
			buildConfigurationList = 764A60C025B90E5500789373 /* Build configuration list for PBXProject "Tennis" */;
			compatibilityVersion = "Xcode 9.3";
			developmentRegion = en;
			hasScannedForEncodings = 0;
			knownRegions = (
				en,
				Base,
			);
			mainGroup = 764A60BC25B90E5500789373;
			packageReferences = (
				9F73852725CE4DA800CF79D1 /* XCRemoteSwiftPackageReference "firebase-ios-sdk" */,
				B595E716269FB42900BAD8D6 /* XCRemoteSwiftPackageReference "ImagePickerView" */,
				B5297F7C27A640C0003641E3 /* XCRemoteSwiftPackageReference "PartialSheet" */,
				B512C3DD27A7116A00231CD9 /* XCRemoteSwiftPackageReference "TTProgressHUD" */,
				B59C408727A9DBB400ACE493 /* XCRemoteSwiftPackageReference "GoogleSignIn-iOS" */,
				B5D1F77227AA3F760091AC2F /* XCRemoteSwiftPackageReference "SDWebImageSwiftUI" */,
				B59E2DDF27F3CDAF00CB6B27 /* XCRemoteSwiftPackageReference "algoliasearch-client-swift" */,
				B59E2DE827F4E08800CB6B27 /* XCRemoteSwiftPackageReference "swiftui-cached-async-image" */,
			);
			productRefGroup = 764A60C625B90E5500789373 /* Products */;
			projectDirPath = "";
			projectRoot = "";
			targets = (
				764A60C425B90E5500789373 /* Tennis */,
				764A60D525B90E5600789373 /* TennisTests */,
				764A60E025B90E5600789373 /* TennisUITests */,
			);
		};
/* End PBXProject section */

/* Begin PBXResourcesBuildPhase section */
		764A60C325B90E5500789373 /* Resources */ = {
			isa = PBXResourcesBuildPhase;
			buildActionMask = 2147483647;
			files = (
				764A60D025B90E5600789373 /* Preview Assets.xcassets in Resources */,
				764A60CD25B90E5600789373 /* Assets.xcassets in Resources */,
				B5EFB4ED27E9D745004180E6 /* GoogleService-Info.plist in Resources */,
			);
			runOnlyForDeploymentPostprocessing = 0;
		};
		764A60D425B90E5600789373 /* Resources */ = {
			isa = PBXResourcesBuildPhase;
			buildActionMask = 2147483647;
			files = (
			);
			runOnlyForDeploymentPostprocessing = 0;
		};
		764A60DF25B90E5600789373 /* Resources */ = {
			isa = PBXResourcesBuildPhase;
			buildActionMask = 2147483647;
			files = (
			);
			runOnlyForDeploymentPostprocessing = 0;
		};
/* End PBXResourcesBuildPhase section */

/* Begin PBXSourcesBuildPhase section */
		764A60C125B90E5500789373 /* Sources */ = {
			isa = PBXSourcesBuildPhase;
			buildActionMask = 2147483647;
			files = (
				B513A39B26A038BD00145D2D /* MatchVM.swift in Sources */,
				B5A239B027F7036400D7A9FE /* BaseViewVM.swift in Sources */,
				76AADBA625C64F6A00EB0C43 /* PlayerSearchView.swift in Sources */,
				76183EE2260ED38D00189619 /* ResetPasswordVM.swift in Sources */,
				B5D1F76527AA0C140091AC2F /* SideMenuView.swift in Sources */,
				9FA0978625CFAF320039A73E /* Extensions.swift in Sources */,
				7662D40225C39DBE004544BF /* BasicMatchScoringView.swift in Sources */,
				76278C1F25B9E8060005EBD4 /* NewUserView.swift in Sources */,
				7662D3F525C391A1004544BF /* NewMatchView.swift in Sources */,
				B513A39D26A0390600145D2D /* ClubsView.swift in Sources */,
				B5B22A3526A6DECA002CAA61 /* ProfileSettings.swift in Sources */,
				B564F7312799F73A00052CA3 /* RDBadgeButton.swift in Sources */,
				B59E2DE727F4DF4600CB6B27 /* PlayerSearchCellView.swift in Sources */,
				7619A62925CA421800014ADA /* PlayerProfileView.swift in Sources */,
				764B745E25D2552E0035B02C /* CurrentMatchStatistics.swift in Sources */,
				76343B8625C2B2140061ABB5 /* StringsListView.swift in Sources */,
				B567575327A8EFE200381DD5 /* StringRowView.swift in Sources */,
				B59E2DE427F3F9DC00CB6B27 /* PlayerSearchModel.swift in Sources */,
				762F87CF25C9C0EC004B46FD /* MatchesListView.swift in Sources */,
				760719B925BB52F000F09A1A /* DashboardView.swift in Sources */,
				B54D40682791342D00F36EE1 /* RDTextField.swift in Sources */,
				B5D1F76E27AA342A0091AC2F /* RDMenuButton.swift in Sources */,
				76B8153025CD3AF10029EE83 /* TextFieldWithPickerView.swift in Sources */,
				764A618325B9493F00789373 /* RegisterVM.swift in Sources */,
				B5A239AE27F6FFF000D7A9FE /* UserDataModel.swift in Sources */,
				B52F300227A92D4000237915 /* HalfModalView.swift in Sources */,
				9FFCF2E425CF2C7E00C6C94E /* FriendsVM.swift in Sources */,
				B564F72F2799F13D00052CA3 /* RDHeaderTitle.swift in Sources */,
				76FA5EF125C7E495005DACE9 /* ExpertMatchScoringView.swift in Sources */,
				764A612825B91C8E00789373 /* LoginView.swift in Sources */,
				76DB132925CEDAD9003EDA38 /* Models.swift in Sources */,
				760719C325BB530600F09A1A /* AddNewStringView.swift in Sources */,
				764A611B25B91C7300789373 /* LoginVM.swift in Sources */,
				76D1B86025BAEE4700FE1B4B /* LoadingScreenView.swift in Sources */,
				76AADB9E25C64F3800EB0C43 /* StringsVM.swift in Sources */,
				764A617E25B9479700789373 /* ResetPasswordView.swift in Sources */,
				B5D1F76C27AA1E370091AC2F /* RDHeader.swift in Sources */,
				762F87DA25CA34FE004B46FD /* ProfileImagePickerView.swift in Sources */,
				76F5424825CDC81F00557BF9 /* FriendsListView.swift in Sources */,
				76D731A025CA7BB7001D2D64 /* ProfileView.swift in Sources */,
				76DBB01425C29C8E00F238D9 /* AddStringVM.swift in Sources */,
				B5D1F76827AA0EBC0091AC2F /* BaseView.swift in Sources */,
				B5A239A827F5538500D7A9FE /* RDEmptyListPlaceholder.swift in Sources */,
				B54D406A27913F8A00F36EE1 /* RDButton.swift in Sources */,
				764A60C925B90E5600789373 /* TennisApp.swift in Sources */,
				76FA5EEC25C7E457005DACE9 /* AdvancedMatchScoringView.swift in Sources */,
				7619A64025CA699200014ADA /* SearchPlayerVM.swift in Sources */,
				76FA5EF625C7E6E9005DACE9 /* ScoringViewTemplates.swift in Sources */,
				768F059A25CDA03800E29BA7 /* FriendRequestView.swift in Sources */,
				76AADBB425C6514800EB0C43 /* PlayersVM.swift in Sources */,
				764A617625B9475000789373 /* RegisterView.swift in Sources */,
				764A613D25B9204B00789373 /* Constants.swift in Sources */,
			);
			runOnlyForDeploymentPostprocessing = 0;
		};
		764A60D225B90E5600789373 /* Sources */ = {
			isa = PBXSourcesBuildPhase;
			buildActionMask = 2147483647;
			files = (
				B595E71A269FE17F00BAD8D6 /* MatchVM.swift in Sources */,
				764A60DB25B90E5600789373 /* TennisTests.swift in Sources */,
			);
			runOnlyForDeploymentPostprocessing = 0;
		};
		764A60DD25B90E5600789373 /* Sources */ = {
			isa = PBXSourcesBuildPhase;
			buildActionMask = 2147483647;
			files = (
				764A60E625B90E5600789373 /* TennisUITests.swift in Sources */,
			);
			runOnlyForDeploymentPostprocessing = 0;
		};
/* End PBXSourcesBuildPhase section */

/* Begin PBXTargetDependency section */
		764A60D825B90E5600789373 /* PBXTargetDependency */ = {
			isa = PBXTargetDependency;
			target = 764A60C425B90E5500789373 /* Tennis */;
			targetProxy = 764A60D725B90E5600789373 /* PBXContainerItemProxy */;
		};
		764A60E325B90E5600789373 /* PBXTargetDependency */ = {
			isa = PBXTargetDependency;
			target = 764A60C425B90E5500789373 /* Tennis */;
			targetProxy = 764A60E225B90E5600789373 /* PBXContainerItemProxy */;
		};
/* End PBXTargetDependency section */

/* Begin XCBuildConfiguration section */
		764A60E825B90E5600789373 /* Debug */ = {
			isa = XCBuildConfiguration;
			buildSettings = {
				ALWAYS_SEARCH_USER_PATHS = NO;
				CLANG_ANALYZER_NONNULL = YES;
				CLANG_ANALYZER_NUMBER_OBJECT_CONVERSION = YES_AGGRESSIVE;
				CLANG_CXX_LANGUAGE_STANDARD = "gnu++14";
				CLANG_CXX_LIBRARY = "libc++";
				CLANG_ENABLE_MODULES = YES;
				CLANG_ENABLE_OBJC_ARC = YES;
				CLANG_ENABLE_OBJC_WEAK = YES;
				CLANG_WARN_BLOCK_CAPTURE_AUTORELEASING = YES;
				CLANG_WARN_BOOL_CONVERSION = YES;
				CLANG_WARN_COMMA = YES;
				CLANG_WARN_CONSTANT_CONVERSION = YES;
				CLANG_WARN_DEPRECATED_OBJC_IMPLEMENTATIONS = YES;
				CLANG_WARN_DIRECT_OBJC_ISA_USAGE = YES_ERROR;
				CLANG_WARN_DOCUMENTATION_COMMENTS = YES;
				CLANG_WARN_EMPTY_BODY = YES;
				CLANG_WARN_ENUM_CONVERSION = YES;
				CLANG_WARN_INFINITE_RECURSION = YES;
				CLANG_WARN_INT_CONVERSION = YES;
				CLANG_WARN_NON_LITERAL_NULL_CONVERSION = YES;
				CLANG_WARN_OBJC_IMPLICIT_RETAIN_SELF = YES;
				CLANG_WARN_OBJC_LITERAL_CONVERSION = YES;
				CLANG_WARN_OBJC_ROOT_CLASS = YES_ERROR;
				CLANG_WARN_QUOTED_INCLUDE_IN_FRAMEWORK_HEADER = YES;
				CLANG_WARN_RANGE_LOOP_ANALYSIS = YES;
				CLANG_WARN_STRICT_PROTOTYPES = YES;
				CLANG_WARN_SUSPICIOUS_MOVE = YES;
				CLANG_WARN_UNGUARDED_AVAILABILITY = YES_AGGRESSIVE;
				CLANG_WARN_UNREACHABLE_CODE = YES;
				CLANG_WARN__DUPLICATE_METHOD_MATCH = YES;
				COPY_PHASE_STRIP = NO;
				DEBUG_INFORMATION_FORMAT = dwarf;
				ENABLE_STRICT_OBJC_MSGSEND = YES;
				ENABLE_TESTABILITY = YES;
				GCC_C_LANGUAGE_STANDARD = gnu11;
				GCC_DYNAMIC_NO_PIC = NO;
				GCC_NO_COMMON_BLOCKS = YES;
				GCC_OPTIMIZATION_LEVEL = 0;
				GCC_PREPROCESSOR_DEFINITIONS = (
					"DEBUG=1",
					"$(inherited)",
				);
				GCC_WARN_64_TO_32_BIT_CONVERSION = YES;
				GCC_WARN_ABOUT_RETURN_TYPE = YES_ERROR;
				GCC_WARN_UNDECLARED_SELECTOR = YES;
				GCC_WARN_UNINITIALIZED_AUTOS = YES_AGGRESSIVE;
				GCC_WARN_UNUSED_FUNCTION = YES;
				GCC_WARN_UNUSED_VARIABLE = YES;
				IPHONEOS_DEPLOYMENT_TARGET = 15.0;
				MTL_ENABLE_DEBUG_INFO = INCLUDE_SOURCE;
				MTL_FAST_MATH = YES;
				ONLY_ACTIVE_ARCH = YES;
				SDKROOT = iphoneos;
				SWIFT_ACTIVE_COMPILATION_CONDITIONS = DEBUG;
				SWIFT_OPTIMIZATION_LEVEL = "-Onone";
			};
			name = Debug;
		};
		764A60E925B90E5600789373 /* Release */ = {
			isa = XCBuildConfiguration;
			buildSettings = {
				ALWAYS_SEARCH_USER_PATHS = NO;
				CLANG_ANALYZER_NONNULL = YES;
				CLANG_ANALYZER_NUMBER_OBJECT_CONVERSION = YES_AGGRESSIVE;
				CLANG_CXX_LANGUAGE_STANDARD = "gnu++14";
				CLANG_CXX_LIBRARY = "libc++";
				CLANG_ENABLE_MODULES = YES;
				CLANG_ENABLE_OBJC_ARC = YES;
				CLANG_ENABLE_OBJC_WEAK = YES;
				CLANG_WARN_BLOCK_CAPTURE_AUTORELEASING = YES;
				CLANG_WARN_BOOL_CONVERSION = YES;
				CLANG_WARN_COMMA = YES;
				CLANG_WARN_CONSTANT_CONVERSION = YES;
				CLANG_WARN_DEPRECATED_OBJC_IMPLEMENTATIONS = YES;
				CLANG_WARN_DIRECT_OBJC_ISA_USAGE = YES_ERROR;
				CLANG_WARN_DOCUMENTATION_COMMENTS = YES;
				CLANG_WARN_EMPTY_BODY = YES;
				CLANG_WARN_ENUM_CONVERSION = YES;
				CLANG_WARN_INFINITE_RECURSION = YES;
				CLANG_WARN_INT_CONVERSION = YES;
				CLANG_WARN_NON_LITERAL_NULL_CONVERSION = YES;
				CLANG_WARN_OBJC_IMPLICIT_RETAIN_SELF = YES;
				CLANG_WARN_OBJC_LITERAL_CONVERSION = YES;
				CLANG_WARN_OBJC_ROOT_CLASS = YES_ERROR;
				CLANG_WARN_QUOTED_INCLUDE_IN_FRAMEWORK_HEADER = YES;
				CLANG_WARN_RANGE_LOOP_ANALYSIS = YES;
				CLANG_WARN_STRICT_PROTOTYPES = YES;
				CLANG_WARN_SUSPICIOUS_MOVE = YES;
				CLANG_WARN_UNGUARDED_AVAILABILITY = YES_AGGRESSIVE;
				CLANG_WARN_UNREACHABLE_CODE = YES;
				CLANG_WARN__DUPLICATE_METHOD_MATCH = YES;
				COPY_PHASE_STRIP = NO;
				DEBUG_INFORMATION_FORMAT = "dwarf-with-dsym";
				ENABLE_NS_ASSERTIONS = NO;
				ENABLE_STRICT_OBJC_MSGSEND = YES;
				GCC_C_LANGUAGE_STANDARD = gnu11;
				GCC_NO_COMMON_BLOCKS = YES;
				GCC_WARN_64_TO_32_BIT_CONVERSION = YES;
				GCC_WARN_ABOUT_RETURN_TYPE = YES_ERROR;
				GCC_WARN_UNDECLARED_SELECTOR = YES;
				GCC_WARN_UNINITIALIZED_AUTOS = YES_AGGRESSIVE;
				GCC_WARN_UNUSED_FUNCTION = YES;
				GCC_WARN_UNUSED_VARIABLE = YES;
				IPHONEOS_DEPLOYMENT_TARGET = 15.0;
				MTL_ENABLE_DEBUG_INFO = NO;
				MTL_FAST_MATH = YES;
				SDKROOT = iphoneos;
				SWIFT_COMPILATION_MODE = wholemodule;
				SWIFT_OPTIMIZATION_LEVEL = "-O";
				VALIDATE_PRODUCT = YES;
			};
			name = Release;
		};
		764A60EB25B90E5600789373 /* Debug */ = {
			isa = XCBuildConfiguration;
			buildSettings = {
				ASSETCATALOG_COMPILER_APPICON_NAME = AppIcon;
				ASSETCATALOG_COMPILER_GLOBAL_ACCENT_COLOR_NAME = AccentColor;
				CODE_SIGN_STYLE = Automatic;
				CURRENT_PROJECT_VERSION = 1;
				DEVELOPMENT_ASSET_PATHS = "\"Tennis/Preview Content\"";
				DEVELOPMENT_TEAM = Q8KFRAGT9K;
				ENABLE_PREVIEWS = YES;
				INFOPLIST_FILE = Tennis/Info.plist;
				IPHONEOS_DEPLOYMENT_TARGET = 15.0;
				LD_RUNPATH_SEARCH_PATHS = (
					"$(inherited)",
					"@executable_path/Frameworks",
				);
				MARKETING_VERSION = 1.0;
				PRODUCT_BUNDLE_IDENTIFIER = "pranav-suri.com.Tennis";
				PRODUCT_NAME = "$(TARGET_NAME)";
				SWIFT_VERSION = 5.0;
				TARGETED_DEVICE_FAMILY = 1;
			};
			name = Debug;
		};
		764A60EC25B90E5600789373 /* Release */ = {
			isa = XCBuildConfiguration;
			buildSettings = {
				ASSETCATALOG_COMPILER_APPICON_NAME = AppIcon;
				ASSETCATALOG_COMPILER_GLOBAL_ACCENT_COLOR_NAME = AccentColor;
				CODE_SIGN_STYLE = Automatic;
				CURRENT_PROJECT_VERSION = 1;
				DEVELOPMENT_ASSET_PATHS = "\"Tennis/Preview Content\"";
				DEVELOPMENT_TEAM = Q8KFRAGT9K;
				ENABLE_PREVIEWS = YES;
				INFOPLIST_FILE = Tennis/Info.plist;
				IPHONEOS_DEPLOYMENT_TARGET = 15.0;
				LD_RUNPATH_SEARCH_PATHS = (
					"$(inherited)",
					"@executable_path/Frameworks",
				);
				MARKETING_VERSION = 1.0;
				PRODUCT_BUNDLE_IDENTIFIER = "pranav-suri.com.Tennis";
				PRODUCT_NAME = "$(TARGET_NAME)";
				SWIFT_VERSION = 5.0;
				TARGETED_DEVICE_FAMILY = 1;
			};
			name = Release;
		};
		764A60EE25B90E5600789373 /* Debug */ = {
			isa = XCBuildConfiguration;
			buildSettings = {
				ALWAYS_EMBED_SWIFT_STANDARD_LIBRARIES = YES;
				BUNDLE_LOADER = "$(TEST_HOST)";
				CODE_SIGN_STYLE = Automatic;
				DEVELOPMENT_TEAM = 3B5M536V2W;
				INFOPLIST_FILE = TennisTests/Info.plist;
				IPHONEOS_DEPLOYMENT_TARGET = 14.0;
				LD_RUNPATH_SEARCH_PATHS = (
					"$(inherited)",
					"@executable_path/Frameworks",
					"@loader_path/Frameworks",
				);
				PRODUCT_BUNDLE_IDENTIFIER = rocketdestroyer.com.TennisTests;
				PRODUCT_NAME = "$(TARGET_NAME)";
				SWIFT_VERSION = 5.0;
				TARGETED_DEVICE_FAMILY = "1,2";
				TEST_HOST = "$(BUILT_PRODUCTS_DIR)/Tennis.app/Tennis";
			};
			name = Debug;
		};
		764A60EF25B90E5600789373 /* Release */ = {
			isa = XCBuildConfiguration;
			buildSettings = {
				ALWAYS_EMBED_SWIFT_STANDARD_LIBRARIES = YES;
				BUNDLE_LOADER = "$(TEST_HOST)";
				CODE_SIGN_STYLE = Automatic;
				DEVELOPMENT_TEAM = 3B5M536V2W;
				INFOPLIST_FILE = TennisTests/Info.plist;
				IPHONEOS_DEPLOYMENT_TARGET = 14.0;
				LD_RUNPATH_SEARCH_PATHS = (
					"$(inherited)",
					"@executable_path/Frameworks",
					"@loader_path/Frameworks",
				);
				PRODUCT_BUNDLE_IDENTIFIER = rocketdestroyer.com.TennisTests;
				PRODUCT_NAME = "$(TARGET_NAME)";
				SWIFT_VERSION = 5.0;
				TARGETED_DEVICE_FAMILY = "1,2";
				TEST_HOST = "$(BUILT_PRODUCTS_DIR)/Tennis.app/Tennis";
			};
			name = Release;
		};
		764A60F125B90E5600789373 /* Debug */ = {
			isa = XCBuildConfiguration;
			buildSettings = {
				ALWAYS_EMBED_SWIFT_STANDARD_LIBRARIES = YES;
				CODE_SIGN_STYLE = Automatic;
				DEVELOPMENT_TEAM = 3B5M536V2W;
				INFOPLIST_FILE = TennisUITests/Info.plist;
				LD_RUNPATH_SEARCH_PATHS = (
					"$(inherited)",
					"@executable_path/Frameworks",
					"@loader_path/Frameworks",
				);
				PRODUCT_BUNDLE_IDENTIFIER = rocketdestroyer.com.TennisUITests;
				PRODUCT_NAME = "$(TARGET_NAME)";
				SWIFT_VERSION = 5.0;
				TARGETED_DEVICE_FAMILY = "1,2";
				TEST_TARGET_NAME = Tennis;
			};
			name = Debug;
		};
		764A60F225B90E5600789373 /* Release */ = {
			isa = XCBuildConfiguration;
			buildSettings = {
				ALWAYS_EMBED_SWIFT_STANDARD_LIBRARIES = YES;
				CODE_SIGN_STYLE = Automatic;
				DEVELOPMENT_TEAM = 3B5M536V2W;
				INFOPLIST_FILE = TennisUITests/Info.plist;
				LD_RUNPATH_SEARCH_PATHS = (
					"$(inherited)",
					"@executable_path/Frameworks",
					"@loader_path/Frameworks",
				);
				PRODUCT_BUNDLE_IDENTIFIER = rocketdestroyer.com.TennisUITests;
				PRODUCT_NAME = "$(TARGET_NAME)";
				SWIFT_VERSION = 5.0;
				TARGETED_DEVICE_FAMILY = "1,2";
				TEST_TARGET_NAME = Tennis;
			};
			name = Release;
		};
/* End XCBuildConfiguration section */

/* Begin XCConfigurationList section */
		764A60C025B90E5500789373 /* Build configuration list for PBXProject "Tennis" */ = {
			isa = XCConfigurationList;
			buildConfigurations = (
				764A60E825B90E5600789373 /* Debug */,
				764A60E925B90E5600789373 /* Release */,
			);
			defaultConfigurationIsVisible = 0;
			defaultConfigurationName = Release;
		};
		764A60EA25B90E5600789373 /* Build configuration list for PBXNativeTarget "Tennis" */ = {
			isa = XCConfigurationList;
			buildConfigurations = (
				764A60EB25B90E5600789373 /* Debug */,
				764A60EC25B90E5600789373 /* Release */,
			);
			defaultConfigurationIsVisible = 0;
			defaultConfigurationName = Release;
		};
		764A60ED25B90E5600789373 /* Build configuration list for PBXNativeTarget "TennisTests" */ = {
			isa = XCConfigurationList;
			buildConfigurations = (
				764A60EE25B90E5600789373 /* Debug */,
				764A60EF25B90E5600789373 /* Release */,
			);
			defaultConfigurationIsVisible = 0;
			defaultConfigurationName = Release;
		};
		764A60F025B90E5600789373 /* Build configuration list for PBXNativeTarget "TennisUITests" */ = {
			isa = XCConfigurationList;
			buildConfigurations = (
				764A60F125B90E5600789373 /* Debug */,
				764A60F225B90E5600789373 /* Release */,
			);
			defaultConfigurationIsVisible = 0;
			defaultConfigurationName = Release;
		};
/* End XCConfigurationList section */

/* Begin XCRemoteSwiftPackageReference section */
		9F73852725CE4DA800CF79D1 /* XCRemoteSwiftPackageReference "firebase-ios-sdk" */ = {
			isa = XCRemoteSwiftPackageReference;
			repositoryURL = "https://github.com/firebase/firebase-ios-sdk.git";
			requirement = {
				kind = upToNextMajorVersion;
				minimumVersion = 7.5.1;
			};
		};
		B512C3DD27A7116A00231CD9 /* XCRemoteSwiftPackageReference "TTProgressHUD" */ = {
			isa = XCRemoteSwiftPackageReference;
			repositoryURL = "https://github.com/honkmaster/TTProgressHUD";
			requirement = {
				kind = upToNextMajorVersion;
				minimumVersion = 0.0.5;
			};
		};
		B5297F7C27A640C0003641E3 /* XCRemoteSwiftPackageReference "PartialSheet" */ = {
			isa = XCRemoteSwiftPackageReference;
			repositoryURL = "https://github.com/AndreaMiotto/PartialSheet";
			requirement = {
				kind = upToNextMajorVersion;
				minimumVersion = 2.0.0;
			};
		};
		B595E716269FB42900BAD8D6 /* XCRemoteSwiftPackageReference "ImagePickerView" */ = {
			isa = XCRemoteSwiftPackageReference;
			repositoryURL = "https://github.com/rebeloper/ImagePickerView";
			requirement = {
				kind = upToNextMajorVersion;
				minimumVersion = 0.2.2;
			};
		};
		B59C408727A9DBB400ACE493 /* XCRemoteSwiftPackageReference "GoogleSignIn-iOS" */ = {
			isa = XCRemoteSwiftPackageReference;
			repositoryURL = "https://github.com/google/GoogleSignIn-iOS";
			requirement = {
				kind = upToNextMajorVersion;
				minimumVersion = 6.0.0;
			};
		};
		B59E2DDF27F3CDAF00CB6B27 /* XCRemoteSwiftPackageReference "algoliasearch-client-swift" */ = {
			isa = XCRemoteSwiftPackageReference;
			repositoryURL = "https://github.com/algolia/algoliasearch-client-swift";
			requirement = {
				kind = upToNextMajorVersion;
				minimumVersion = 8.0.0;
			};
		};
		B59E2DE827F4E08800CB6B27 /* XCRemoteSwiftPackageReference "swiftui-cached-async-image" */ = {
			isa = XCRemoteSwiftPackageReference;
			repositoryURL = "https://github.com/lorenzofiamingo/swiftui-cached-async-image";
			requirement = {
				kind = upToNextMajorVersion;
				minimumVersion = 2.0.0;
			};
		};
		B5D1F77227AA3F760091AC2F /* XCRemoteSwiftPackageReference "SDWebImageSwiftUI" */ = {
			isa = XCRemoteSwiftPackageReference;
			repositoryURL = "https://github.com/SDWebImage/SDWebImageSwiftUI";
			requirement = {
				kind = upToNextMajorVersion;
				minimumVersion = 2.0.0;
			};
		};
/* End XCRemoteSwiftPackageReference section */

/* Begin XCSwiftPackageProductDependency section */
		9F73852825CE4DA800CF79D1 /* FirebaseAuth */ = {
			isa = XCSwiftPackageProductDependency;
			package = 9F73852725CE4DA800CF79D1 /* XCRemoteSwiftPackageReference "firebase-ios-sdk" */;
			productName = FirebaseAuth;
		};
		9F73852A25CE4DA800CF79D1 /* FirebaseFirestore */ = {
			isa = XCSwiftPackageProductDependency;
			package = 9F73852725CE4DA800CF79D1 /* XCRemoteSwiftPackageReference "firebase-ios-sdk" */;
			productName = FirebaseFirestore;
		};
		9F73852C25CE4DA800CF79D1 /* FirebaseStorage */ = {
			isa = XCSwiftPackageProductDependency;
			package = 9F73852725CE4DA800CF79D1 /* XCRemoteSwiftPackageReference "firebase-ios-sdk" */;
			productName = FirebaseStorage;
		};
		B512C3DE27A7116A00231CD9 /* TTProgressHUD */ = {
			isa = XCSwiftPackageProductDependency;
			package = B512C3DD27A7116A00231CD9 /* XCRemoteSwiftPackageReference "TTProgressHUD" */;
			productName = TTProgressHUD;
		};
		B595E717269FB42900BAD8D6 /* ImagePickerView */ = {
			isa = XCSwiftPackageProductDependency;
			package = B595E716269FB42900BAD8D6 /* XCRemoteSwiftPackageReference "ImagePickerView" */;
			productName = ImagePickerView;
		};
		B59C408827A9DBB400ACE493 /* GoogleSignIn */ = {
			isa = XCSwiftPackageProductDependency;
			package = B59C408727A9DBB400ACE493 /* XCRemoteSwiftPackageReference "GoogleSignIn-iOS" */;
			productName = GoogleSignIn;
		};
		B59E2DE027F3CDAF00CB6B27 /* AlgoliaSearchClient */ = {
			isa = XCSwiftPackageProductDependency;
			package = B59E2DDF27F3CDAF00CB6B27 /* XCRemoteSwiftPackageReference "algoliasearch-client-swift" */;
			productName = AlgoliaSearchClient;
		};
		B59E2DE927F4E08900CB6B27 /* CachedAsyncImage */ = {
			isa = XCSwiftPackageProductDependency;
			package = B59E2DE827F4E08800CB6B27 /* XCRemoteSwiftPackageReference "swiftui-cached-async-image" */;
			productName = CachedAsyncImage;
		};
		B5A239B227F768CC00D7A9FE /* FirebaseFirestoreSwift-Beta */ = {
			isa = XCSwiftPackageProductDependency;
			package = 9F73852725CE4DA800CF79D1 /* XCRemoteSwiftPackageReference "firebase-ios-sdk" */;
			productName = "FirebaseFirestoreSwift-Beta";
		};
		B5D1F77327AA3F770091AC2F /* SDWebImageSwiftUI */ = {
			isa = XCSwiftPackageProductDependency;
			package = B5D1F77227AA3F760091AC2F /* XCRemoteSwiftPackageReference "SDWebImageSwiftUI" */;
			productName = SDWebImageSwiftUI;
		};
/* End XCSwiftPackageProductDependency section */
	};
	rootObject = 764A60BD25B90E5500789373 /* Project object */;
}
